// !$*UTF8*$!
{
	archiveVersion = 1;
	classes = {
	};
	objectVersion = 46;
	objects = {

/* Begin PBXBuildFile section */
		0BB9495A57E3D167CFDF93B3 /* Pods_FumberMultiply.framework in Frameworks */ = {isa = PBXBuildFile; fileRef = 25F2B22DAEE422CB7C61141D /* Pods_FumberMultiply.framework */; };
		EA1252DB1F28ED2600FA7FD3 /* PlaySound.swift in Sources */ = {isa = PBXBuildFile; fileRef = EA1252DA1F28ED2600FA7FD3 /* PlaySound.swift */; };
		EA1252DF1F28F54B00FA7FD3 /* winning.wav in Resources */ = {isa = PBXBuildFile; fileRef = EA1252DE1F28F54B00FA7FD3 /* winning.wav */; };
		EA2549711F2B524B000CE2A5 /* GoogleService-Info.plist in Resources */ = {isa = PBXBuildFile; fileRef = EA2549701F2B524B000CE2A5 /* GoogleService-Info.plist */; };
		EA28EE631F1F501500B90B30 /* AppDelegate.swift in Sources */ = {isa = PBXBuildFile; fileRef = EA28EE621F1F501500B90B30 /* AppDelegate.swift */; };
		EA28EE671F1F501500B90B30 /* Actions.sks in Resources */ = {isa = PBXBuildFile; fileRef = EA28EE661F1F501500B90B30 /* Actions.sks */; };
		EA28EE6B1F1F501500B90B30 /* GameViewController.swift in Sources */ = {isa = PBXBuildFile; fileRef = EA28EE6A1F1F501500B90B30 /* GameViewController.swift */; };
		EA28EE6E1F1F501500B90B30 /* Main.storyboard in Resources */ = {isa = PBXBuildFile; fileRef = EA28EE6C1F1F501500B90B30 /* Main.storyboard */; };
		EA28EE731F1F501500B90B30 /* LaunchScreen.storyboard in Resources */ = {isa = PBXBuildFile; fileRef = EA28EE711F1F501500B90B30 /* LaunchScreen.storyboard */; };
		EA28EE7B1F1F505300B90B30 /* Chartboost.framework in Frameworks */ = {isa = PBXBuildFile; fileRef = EA28EE7A1F1F505300B90B30 /* Chartboost.framework */; };
		EA28EE801F1F7C8A00B90B30 /* MainGameScene.sks in Resources */ = {isa = PBXBuildFile; fileRef = EA28EE7E1F1F7C8A00B90B30 /* MainGameScene.sks */; };
		EA28EE811F1F7C8A00B90B30 /* MainGameScene.swift in Sources */ = {isa = PBXBuildFile; fileRef = EA28EE7F1F1F7C8A00B90B30 /* MainGameScene.swift */; };
		EA28EE841F1F7CAA00B90B30 /* GameScene.sks in Resources */ = {isa = PBXBuildFile; fileRef = EA28EE821F1F7CAA00B90B30 /* GameScene.sks */; };
		EA28EE851F1F7CAA00B90B30 /* GameScene.swift in Sources */ = {isa = PBXBuildFile; fileRef = EA28EE831F1F7CAA00B90B30 /* GameScene.swift */; };
		EA28EE871F1F7CB300B90B30 /* click.wav in Resources */ = {isa = PBXBuildFile; fileRef = EA28EE861F1F7CB300B90B30 /* click.wav */; };
		EA28EE8A1F1F7CBB00B90B30 /* success.wav in Resources */ = {isa = PBXBuildFile; fileRef = EA28EE881F1F7CBB00B90B30 /* success.wav */; };
		EA28EE8B1F1F7CBB00B90B30 /* wrong.wav in Resources */ = {isa = PBXBuildFile; fileRef = EA28EE891F1F7CBB00B90B30 /* wrong.wav */; };
		EA28EE8D1F1F7CC700B90B30 /* ChallengesScene.swift in Sources */ = {isa = PBXBuildFile; fileRef = EA28EE8C1F1F7CC700B90B30 /* ChallengesScene.swift */; };
		EA28EE8F1F1FA81900B90B30 /* ChallangesTableView.swift in Sources */ = {isa = PBXBuildFile; fileRef = EA28EE8E1F1FA81900B90B30 /* ChallangesTableView.swift */; };
		EA28EE911F1FA83000B90B30 /* Assets.xcassets in Resources */ = {isa = PBXBuildFile; fileRef = EA28EE901F1FA83000B90B30 /* Assets.xcassets */; };
/* End PBXBuildFile section */

/* Begin PBXFileReference section */
		137352ACACDE8F9BD7A55D5C /* Pods-FumberMultiply.debug.xcconfig */ = {isa = PBXFileReference; includeInIndex = 1; lastKnownFileType = text.xcconfig; name = "Pods-FumberMultiply.debug.xcconfig"; path = "Pods/Target Support Files/Pods-FumberMultiply/Pods-FumberMultiply.debug.xcconfig"; sourceTree = "<group>"; };
		25F2B22DAEE422CB7C61141D /* Pods_FumberMultiply.framework */ = {isa = PBXFileReference; explicitFileType = wrapper.framework; includeInIndex = 0; path = Pods_FumberMultiply.framework; sourceTree = BUILT_PRODUCTS_DIR; };
		42D6110F04E88BC3BAF78D8F /* Pods-FumberMultiply.release.xcconfig */ = {isa = PBXFileReference; includeInIndex = 1; lastKnownFileType = text.xcconfig; name = "Pods-FumberMultiply.release.xcconfig"; path = "Pods/Target Support Files/Pods-FumberMultiply/Pods-FumberMultiply.release.xcconfig"; sourceTree = "<group>"; };
		EA1252DA1F28ED2600FA7FD3 /* PlaySound.swift */ = {isa = PBXFileReference; fileEncoding = 4; lastKnownFileType = sourcecode.swift; path = PlaySound.swift; sourceTree = "<group>"; };
		EA1252DE1F28F54B00FA7FD3 /* winning.wav */ = {isa = PBXFileReference; lastKnownFileType = audio.wav; path = winning.wav; sourceTree = "<group>"; };
		EA2549701F2B524B000CE2A5 /* GoogleService-Info.plist */ = {isa = PBXFileReference; fileEncoding = 4; lastKnownFileType = text.plist.xml; path = "GoogleService-Info.plist"; sourceTree = "<group>"; };
		EA28EE5F1F1F501500B90B30 /* FumPly.app */ = {isa = PBXFileReference; explicitFileType = wrapper.application; includeInIndex = 0; path = FumPly.app; sourceTree = BUILT_PRODUCTS_DIR; };
		EA28EE621F1F501500B90B30 /* AppDelegate.swift */ = {isa = PBXFileReference; lastKnownFileType = sourcecode.swift; path = AppDelegate.swift; sourceTree = "<group>"; };
		EA28EE661F1F501500B90B30 /* Actions.sks */ = {isa = PBXFileReference; lastKnownFileType = file.sks; path = Actions.sks; sourceTree = "<group>"; };
		EA28EE6A1F1F501500B90B30 /* GameViewController.swift */ = {isa = PBXFileReference; lastKnownFileType = sourcecode.swift; path = GameViewController.swift; sourceTree = "<group>"; };
		EA28EE6D1F1F501500B90B30 /* Base */ = {isa = PBXFileReference; lastKnownFileType = file.storyboard; name = Base; path = Base.lproj/Main.storyboard; sourceTree = "<group>"; };
		EA28EE721F1F501500B90B30 /* Base */ = {isa = PBXFileReference; lastKnownFileType = file.storyboard; name = Base; path = Base.lproj/LaunchScreen.storyboard; sourceTree = "<group>"; };
		EA28EE741F1F501500B90B30 /* Info.plist */ = {isa = PBXFileReference; lastKnownFileType = text.plist.xml; path = Info.plist; sourceTree = "<group>"; };
		EA28EE7A1F1F505300B90B30 /* Chartboost.framework */ = {isa = PBXFileReference; lastKnownFileType = wrapper.framework; path = Chartboost.framework; sourceTree = "<group>"; };
		EA28EE7D1F1F55A100B90B30 /* FumberMultiply-Bridging-Header.h */ = {isa = PBXFileReference; fileEncoding = 4; lastKnownFileType = sourcecode.c.h; path = "FumberMultiply-Bridging-Header.h"; sourceTree = "<group>"; };
		EA28EE7E1F1F7C8A00B90B30 /* MainGameScene.sks */ = {isa = PBXFileReference; lastKnownFileType = file.sks; path = MainGameScene.sks; sourceTree = "<group>"; };
		EA28EE7F1F1F7C8A00B90B30 /* MainGameScene.swift */ = {isa = PBXFileReference; fileEncoding = 4; lastKnownFileType = sourcecode.swift; path = MainGameScene.swift; sourceTree = "<group>"; };
		EA28EE821F1F7CAA00B90B30 /* GameScene.sks */ = {isa = PBXFileReference; lastKnownFileType = file.sks; path = GameScene.sks; sourceTree = "<group>"; };
		EA28EE831F1F7CAA00B90B30 /* GameScene.swift */ = {isa = PBXFileReference; fileEncoding = 4; lastKnownFileType = sourcecode.swift; path = GameScene.swift; sourceTree = "<group>"; };
		EA28EE861F1F7CB300B90B30 /* click.wav */ = {isa = PBXFileReference; lastKnownFileType = audio.wav; path = click.wav; sourceTree = "<group>"; };
		EA28EE881F1F7CBB00B90B30 /* success.wav */ = {isa = PBXFileReference; lastKnownFileType = audio.wav; path = success.wav; sourceTree = "<group>"; };
		EA28EE891F1F7CBB00B90B30 /* wrong.wav */ = {isa = PBXFileReference; lastKnownFileType = audio.wav; path = wrong.wav; sourceTree = "<group>"; };
		EA28EE8C1F1F7CC700B90B30 /* ChallengesScene.swift */ = {isa = PBXFileReference; fileEncoding = 4; lastKnownFileType = sourcecode.swift; path = ChallengesScene.swift; sourceTree = "<group>"; };
		EA28EE8E1F1FA81900B90B30 /* ChallangesTableView.swift */ = {isa = PBXFileReference; fileEncoding = 4; lastKnownFileType = sourcecode.swift; path = ChallangesTableView.swift; sourceTree = "<group>"; };
		EA28EE901F1FA83000B90B30 /* Assets.xcassets */ = {isa = PBXFileReference; lastKnownFileType = folder.assetcatalog; path = Assets.xcassets; sourceTree = "<group>"; };
/* End PBXFileReference section */

/* Begin PBXFrameworksBuildPhase section */
		EA28EE5C1F1F501500B90B30 /* Frameworks */ = {
			isa = PBXFrameworksBuildPhase;
			buildActionMask = 2147483647;
			files = (
				EA28EE7B1F1F505300B90B30 /* Chartboost.framework in Frameworks */,
				0BB9495A57E3D167CFDF93B3 /* Pods_FumberMultiply.framework in Frameworks */,
			);
			runOnlyForDeploymentPostprocessing = 0;
		};
/* End PBXFrameworksBuildPhase section */

/* Begin PBXGroup section */
		60C8D90D448670ABC23C0D1E /* Pods */ = {
			isa = PBXGroup;
			children = (
				137352ACACDE8F9BD7A55D5C /* Pods-FumberMultiply.debug.xcconfig */,
				42D6110F04E88BC3BAF78D8F /* Pods-FumberMultiply.release.xcconfig */,
			);
			name = Pods;
			sourceTree = "<group>";
		};
		A4304066CB30B9F24C367202 /* Frameworks */ = {
			isa = PBXGroup;
			children = (
				25F2B22DAEE422CB7C61141D /* Pods_FumberMultiply.framework */,
			);
			name = Frameworks;
			sourceTree = "<group>";
		};
		EA28EE561F1F501500B90B30 = {
			isa = PBXGroup;
			children = (
				EA28EE611F1F501500B90B30 /* FumberMultiply */,
				EA28EE601F1F501500B90B30 /* Products */,
				60C8D90D448670ABC23C0D1E /* Pods */,
				A4304066CB30B9F24C367202 /* Frameworks */,
			);
			sourceTree = "<group>";
		};
		EA28EE601F1F501500B90B30 /* Products */ = {
			isa = PBXGroup;
			children = (
				EA28EE5F1F1F501500B90B30 /* FumPly.app */,
			);
			name = Products;
			sourceTree = "<group>";
		};
		EA28EE611F1F501500B90B30 /* FumberMultiply */ = {
			isa = PBXGroup;
			children = (
				EA28EE7D1F1F55A100B90B30 /* FumberMultiply-Bridging-Header.h */,
				EA28EE7A1F1F505300B90B30 /* Chartboost.framework */,
				EA28EE621F1F501500B90B30 /* AppDelegate.swift */,
				EA28EE7E1F1F7C8A00B90B30 /* MainGameScene.sks */,
				EA28EE7F1F1F7C8A00B90B30 /* MainGameScene.swift */,
				EA28EE661F1F501500B90B30 /* Actions.sks */,
				EA28EE821F1F7CAA00B90B30 /* GameScene.sks */,
				EA28EE8E1F1FA81900B90B30 /* ChallangesTableView.swift */,
				EA28EE831F1F7CAA00B90B30 /* GameScene.swift */,
				EA28EE8C1F1F7CC700B90B30 /* ChallengesScene.swift */,
				EA1252DA1F28ED2600FA7FD3 /* PlaySound.swift */,
				EA28EE6A1F1F501500B90B30 /* GameViewController.swift */,
				EA28EE6C1F1F501500B90B30 /* Main.storyboard */,
				EA28EE711F1F501500B90B30 /* LaunchScreen.storyboard */,
				EA28EE901F1FA83000B90B30 /* Assets.xcassets */,
				EA2549701F2B524B000CE2A5 /* GoogleService-Info.plist */,
				EA28EE861F1F7CB300B90B30 /* click.wav */,
				EA28EE881F1F7CBB00B90B30 /* success.wav */,
				EA28EE891F1F7CBB00B90B30 /* wrong.wav */,
				EA1252DE1F28F54B00FA7FD3 /* winning.wav */,
				EA28EE741F1F501500B90B30 /* Info.plist */,
			);
			path = FumberMultiply;
			sourceTree = "<group>";
		};
/* End PBXGroup section */

/* Begin PBXNativeTarget section */
		EA28EE5E1F1F501500B90B30 /* FumberMultiply */ = {
			isa = PBXNativeTarget;
			buildConfigurationList = EA28EE771F1F501500B90B30 /* Build configuration list for PBXNativeTarget "FumberMultiply" */;
			buildPhases = (
				9D7DE0F006650045D792C5AD /* 📦 Check Pods Manifest.lock */,
				EA28EE5B1F1F501500B90B30 /* Sources */,
				EA28EE5C1F1F501500B90B30 /* Frameworks */,
				EA28EE5D1F1F501500B90B30 /* Resources */,
				B2F3BE96163E552B2657B546 /* 📦 Embed Pods Frameworks */,
				FA78C616965639ECBFD42C85 /* 📦 Copy Pods Resources */,
			);
			buildRules = (
			);
			dependencies = (
			);
			name = FumberMultiply;
			productName = FumberPlus;
			productReference = EA28EE5F1F1F501500B90B30 /* FumPly.app */;
			productType = "com.apple.product-type.application";
		};
/* End PBXNativeTarget section */

/* Begin PBXProject section */
		EA28EE571F1F501500B90B30 /* Project object */ = {
			isa = PBXProject;
			attributes = {
				LastSwiftUpdateCheck = 0820;
				LastUpgradeCheck = 0820;
				ORGANIZATIONNAME = "ShivHari Apps";
				TargetAttributes = {
					EA28EE5E1F1F501500B90B30 = {
						CreatedOnToolsVersion = 8.2.1;
						DevelopmentTeam = ZHF752NSR5;
						ProvisioningStyle = Manual;
					};
				};
			};
			buildConfigurationList = EA28EE5A1F1F501500B90B30 /* Build configuration list for PBXProject "FumberMultiply" */;
			compatibilityVersion = "Xcode 3.2";
			developmentRegion = English;
			hasScannedForEncodings = 0;
			knownRegions = (
				en,
				Base,
			);
			mainGroup = EA28EE561F1F501500B90B30;
			productRefGroup = EA28EE601F1F501500B90B30 /* Products */;
			projectDirPath = "";
			projectRoot = "";
			targets = (
				EA28EE5E1F1F501500B90B30 /* FumberMultiply */,
			);
		};
/* End PBXProject section */

/* Begin PBXResourcesBuildPhase section */
		EA28EE5D1F1F501500B90B30 /* Resources */ = {
			isa = PBXResourcesBuildPhase;
			buildActionMask = 2147483647;
			files = (
				EA28EE8A1F1F7CBB00B90B30 /* success.wav in Resources */,
				EA2549711F2B524B000CE2A5 /* GoogleService-Info.plist in Resources */,
				EA28EE6E1F1F501500B90B30 /* Main.storyboard in Resources */,
				EA28EE871F1F7CB300B90B30 /* click.wav in Resources */,
				EA28EE8B1F1F7CBB00B90B30 /* wrong.wav in Resources */,
				EA28EE801F1F7C8A00B90B30 /* MainGameScene.sks in Resources */,
				EA28EE731F1F501500B90B30 /* LaunchScreen.storyboard in Resources */,
				EA28EE841F1F7CAA00B90B30 /* GameScene.sks in Resources */,
				EA1252DF1F28F54B00FA7FD3 /* winning.wav in Resources */,
				EA28EE911F1FA83000B90B30 /* Assets.xcassets in Resources */,
				EA28EE671F1F501500B90B30 /* Actions.sks in Resources */,
			);
			runOnlyForDeploymentPostprocessing = 0;
		};
/* End PBXResourcesBuildPhase section */

/* Begin PBXShellScriptBuildPhase section */
		9D7DE0F006650045D792C5AD /* 📦 Check Pods Manifest.lock */ = {
			isa = PBXShellScriptBuildPhase;
			buildActionMask = 2147483647;
			files = (
			);
			inputPaths = (
			);
			name = "📦 Check Pods Manifest.lock";
			outputPaths = (
			);
			runOnlyForDeploymentPostprocessing = 0;
			shellPath = /bin/sh;
			shellScript = "diff \"${PODS_ROOT}/../Podfile.lock\" \"${PODS_ROOT}/Manifest.lock\" > /dev/null\nif [[ $? != 0 ]] ; then\n    cat << EOM\nerror: The sandbox is not in sync with the Podfile.lock. Run 'pod install' or update your CocoaPods installation.\nEOM\n    exit 1\nfi\n";
			showEnvVarsInLog = 0;
		};
		B2F3BE96163E552B2657B546 /* 📦 Embed Pods Frameworks */ = {
			isa = PBXShellScriptBuildPhase;
			buildActionMask = 2147483647;
			files = (
			);
			inputPaths = (
			);
			name = "📦 Embed Pods Frameworks";
			outputPaths = (
			);
			runOnlyForDeploymentPostprocessing = 0;
			shellPath = /bin/sh;
			shellScript = "\"${SRCROOT}/Pods/Target Support Files/Pods-FumberMultiply/Pods-FumberMultiply-frameworks.sh\"\n";
			showEnvVarsInLog = 0;
		};
		FA78C616965639ECBFD42C85 /* 📦 Copy Pods Resources */ = {
			isa = PBXShellScriptBuildPhase;
			buildActionMask = 2147483647;
			files = (
			);
			inputPaths = (
			);
			name = "📦 Copy Pods Resources";
			outputPaths = (
			);
			runOnlyForDeploymentPostprocessing = 0;
			shellPath = /bin/sh;
			shellScript = "\"${SRCROOT}/Pods/Target Support Files/Pods-FumberMultiply/Pods-FumberMultiply-resources.sh\"\n";
			showEnvVarsInLog = 0;
		};
/* End PBXShellScriptBuildPhase section */

/* Begin PBXSourcesBuildPhase section */
		EA28EE5B1F1F501500B90B30 /* Sources */ = {
			isa = PBXSourcesBuildPhase;
			buildActionMask = 2147483647;
			files = (
				EA28EE6B1F1F501500B90B30 /* GameViewController.swift in Sources */,
				EA1252DB1F28ED2600FA7FD3 /* PlaySound.swift in Sources */,
				EA28EE631F1F501500B90B30 /* AppDelegate.swift in Sources */,
				EA28EE8D1F1F7CC700B90B30 /* ChallengesScene.swift in Sources */,
				EA28EE8F1F1FA81900B90B30 /* ChallangesTableView.swift in Sources */,
				EA28EE851F1F7CAA00B90B30 /* GameScene.swift in Sources */,
				EA28EE811F1F7C8A00B90B30 /* MainGameScene.swift in Sources */,
			);
			runOnlyForDeploymentPostprocessing = 0;
		};
/* End PBXSourcesBuildPhase section */

/* Begin PBXVariantGroup section */
		EA28EE6C1F1F501500B90B30 /* Main.storyboard */ = {
			isa = PBXVariantGroup;
			children = (
				EA28EE6D1F1F501500B90B30 /* Base */,
			);
			name = Main.storyboard;
			sourceTree = "<group>";
		};
		EA28EE711F1F501500B90B30 /* LaunchScreen.storyboard */ = {
			isa = PBXVariantGroup;
			children = (
				EA28EE721F1F501500B90B30 /* Base */,
			);
			name = LaunchScreen.storyboard;
			sourceTree = "<group>";
		};
/* End PBXVariantGroup section */

/* Begin XCBuildConfiguration section */
		EA28EE751F1F501500B90B30 /* Debug */ = {
			isa = XCBuildConfiguration;
			buildSettings = {
				ALWAYS_SEARCH_USER_PATHS = NO;
				CLANG_ANALYZER_NONNULL = YES;
				CLANG_CXX_LANGUAGE_STANDARD = "gnu++0x";
				CLANG_CXX_LIBRARY = "libc++";
				CLANG_ENABLE_MODULES = YES;
				CLANG_ENABLE_OBJC_ARC = YES;
				CLANG_WARN_BOOL_CONVERSION = YES;
				CLANG_WARN_CONSTANT_CONVERSION = YES;
				CLANG_WARN_DIRECT_OBJC_ISA_USAGE = YES_ERROR;
				CLANG_WARN_DOCUMENTATION_COMMENTS = YES;
				CLANG_WARN_EMPTY_BODY = YES;
				CLANG_WARN_ENUM_CONVERSION = YES;
				CLANG_WARN_INFINITE_RECURSION = YES;
				CLANG_WARN_INT_CONVERSION = YES;
				CLANG_WARN_OBJC_ROOT_CLASS = YES_ERROR;
				CLANG_WARN_SUSPICIOUS_MOVE = YES;
				CLANG_WARN_UNREACHABLE_CODE = YES;
				CLANG_WARN__DUPLICATE_METHOD_MATCH = YES;
				"CODE_SIGN_IDENTITY[sdk=iphoneos*]" = "iPhone Developer";
				COPY_PHASE_STRIP = NO;
				DEBUG_INFORMATION_FORMAT = dwarf;
				ENABLE_STRICT_OBJC_MSGSEND = YES;
				ENABLE_TESTABILITY = YES;
				GCC_C_LANGUAGE_STANDARD = gnu99;
				GCC_DYNAMIC_NO_PIC = NO;
				GCC_NO_COMMON_BLOCKS = YES;
				GCC_OPTIMIZATION_LEVEL = 0;
				GCC_PREPROCESSOR_DEFINITIONS = (
					"DEBUG=1",
					"$(inherited)",
				);
				GCC_WARN_64_TO_32_BIT_CONVERSION = YES;
				GCC_WARN_ABOUT_RETURN_TYPE = YES_ERROR;
				GCC_WARN_UNDECLARED_SELECTOR = YES;
				GCC_WARN_UNINITIALIZED_AUTOS = YES_AGGRESSIVE;
				GCC_WARN_UNUSED_FUNCTION = YES;
				GCC_WARN_UNUSED_VARIABLE = YES;
				IPHONEOS_DEPLOYMENT_TARGET = 10.2;
				MTL_ENABLE_DEBUG_INFO = YES;
				ONLY_ACTIVE_ARCH = YES;
				SDKROOT = iphoneos;
				SWIFT_ACTIVE_COMPILATION_CONDITIONS = DEBUG;
				SWIFT_OPTIMIZATION_LEVEL = "-Onone";
				TARGETED_DEVICE_FAMILY = "1,2";
			};
			name = Debug;
		};
		EA28EE761F1F501500B90B30 /* Release */ = {
			isa = XCBuildConfiguration;
			buildSettings = {
				ALWAYS_SEARCH_USER_PATHS = NO;
				CLANG_ANALYZER_NONNULL = YES;
				CLANG_CXX_LANGUAGE_STANDARD = "gnu++0x";
				CLANG_CXX_LIBRARY = "libc++";
				CLANG_ENABLE_MODULES = YES;
				CLANG_ENABLE_OBJC_ARC = YES;
				CLANG_WARN_BOOL_CONVERSION = YES;
				CLANG_WARN_CONSTANT_CONVERSION = YES;
				CLANG_WARN_DIRECT_OBJC_ISA_USAGE = YES_ERROR;
				CLANG_WARN_DOCUMENTATION_COMMENTS = YES;
				CLANG_WARN_EMPTY_BODY = YES;
				CLANG_WARN_ENUM_CONVERSION = YES;
				CLANG_WARN_INFINITE_RECURSION = YES;
				CLANG_WARN_INT_CONVERSION = YES;
				CLANG_WARN_OBJC_ROOT_CLASS = YES_ERROR;
				CLANG_WARN_SUSPICIOUS_MOVE = YES;
				CLANG_WARN_UNREACHABLE_CODE = YES;
				CLANG_WARN__DUPLICATE_METHOD_MATCH = YES;
				"CODE_SIGN_IDENTITY[sdk=iphoneos*]" = "iPhone Developer";
				COPY_PHASE_STRIP = NO;
				DEBUG_INFORMATION_FORMAT = "dwarf-with-dsym";
				ENABLE_NS_ASSERTIONS = NO;
				ENABLE_STRICT_OBJC_MSGSEND = YES;
				GCC_C_LANGUAGE_STANDARD = gnu99;
				GCC_NO_COMMON_BLOCKS = YES;
				GCC_WARN_64_TO_32_BIT_CONVERSION = YES;
				GCC_WARN_ABOUT_RETURN_TYPE = YES_ERROR;
				GCC_WARN_UNDECLARED_SELECTOR = YES;
				GCC_WARN_UNINITIALIZED_AUTOS = YES_AGGRESSIVE;
				GCC_WARN_UNUSED_FUNCTION = YES;
				GCC_WARN_UNUSED_VARIABLE = YES;
				IPHONEOS_DEPLOYMENT_TARGET = 10.2;
				MTL_ENABLE_DEBUG_INFO = NO;
				SDKROOT = iphoneos;
				SWIFT_OPTIMIZATION_LEVEL = "-Owholemodule";
				TARGETED_DEVICE_FAMILY = "1,2";
				VALIDATE_PRODUCT = YES;
			};
			name = Release;
		};
		EA28EE781F1F501500B90B30 /* Debug */ = {
			isa = XCBuildConfiguration;
			baseConfigurationReference = 137352ACACDE8F9BD7A55D5C /* Pods-FumberMultiply.debug.xcconfig */;
			buildSettings = {
				ASSETCATALOG_COMPILER_APPICON_NAME = AppIcon;
				"CODE_SIGN_IDENTITY[sdk=iphoneos*]" = "iPhone Developer";
				DEVELOPMENT_TEAM = ZHF752NSR5;
				FRAMEWORK_SEARCH_PATHS = (
					"$(inherited)",
					"$(PROJECT_DIR)/FumberMultiply",
				);
				INFOPLIST_FILE = "$(SRCROOT)/FumberMultiply/Info.plist";
				IPHONEOS_DEPLOYMENT_TARGET = 9.0;
				LD_RUNPATH_SEARCH_PATHS = "$(inherited) @executable_path/Frameworks";
				PRODUCT_BUNDLE_IDENTIFIER = com.richa.shivhariApps.FumberMultiply;
				PRODUCT_NAME = FumPly;
				PROVISIONING_PROFILE = "7e539fd2-9cb8-4916-a81c-2ccf2625b5ab";
				PROVISIONING_PROFILE_SPECIFIER = "FumberMultiply Dev";
				SWIFT_OBJC_BRIDGING_HEADER = "$(SRCROOT)/$(PROJECT_NAME)-Bridging-Header.h";
				SWIFT_VERSION = 3.0;
			};
			name = Debug;
		};
		EA28EE791F1F501500B90B30 /* Release */ = {
			isa = XCBuildConfiguration;
			baseConfigurationReference = 42D6110F04E88BC3BAF78D8F /* Pods-FumberMultiply.release.xcconfig */;
			buildSettings = {
				ASSETCATALOG_COMPILER_APPICON_NAME = AppIcon;
				"CODE_SIGN_IDENTITY[sdk=iphoneos*]" = "iPhone Distribution";
				DEVELOPMENT_TEAM = ZHF752NSR5;
				FRAMEWORK_SEARCH_PATHS = (
					"$(inherited)",
					"$(PROJECT_DIR)/FumberMultiply",
				);
				INFOPLIST_FILE = "$(SRCROOT)/FumberMultiply/Info.plist";
				IPHONEOS_DEPLOYMENT_TARGET = 9.0;
				LD_RUNPATH_SEARCH_PATHS = "$(inherited) @executable_path/Frameworks";
				PRODUCT_BUNDLE_IDENTIFIER = com.richa.shivhariApps.FumberMultiply;
				PRODUCT_NAME = FumPly;
				PROVISIONING_PROFILE = "91b6e30f-d05c-4b1b-a61d-49a7bf5fb440";
				PROVISIONING_PROFILE_SPECIFIER = "FumberMultiply Distribution";
				SWIFT_OBJC_BRIDGING_HEADER = "$(SRCROOT)/$(PROJECT_NAME)-Bridging-Header.h";
				SWIFT_VERSION = 3.0;
			};
			name = Release;
		};
/* End XCBuildConfiguration section */

/* Begin XCConfigurationList section */
		EA28EE5A1F1F501500B90B30 /* Build configuration list for PBXProject "FumberMultiply" */ = {
			isa = XCConfigurationList;
			buildConfigurations = (
				EA28EE751F1F501500B90B30 /* Debug */,
				EA28EE761F1F501500B90B30 /* Release */,
			);
			defaultConfigurationIsVisible = 0;
			defaultConfigurationName = Release;
		};
		EA28EE771F1F501500B90B30 /* Build configuration list for PBXNativeTarget "FumberMultiply" */ = {
			isa = XCConfigurationList;
			buildConfigurations = (
				EA28EE781F1F501500B90B30 /* Debug */,
				EA28EE791F1F501500B90B30 /* Release */,
			);
			defaultConfigurationIsVisible = 0;
			defaultConfigurationName = Release;
		};
/* End XCConfigurationList section */
	};
	rootObject = EA28EE571F1F501500B90B30 /* Project object */;
}
